
Microsoft Visual Studio Solution File, Format Version 12.00
# Visual Studio Version 16
VisualStudioVersion = 16.0.31205.134
MinimumVisualStudioVersion = 10.0.40219.1
Project("{FAE04EC0-301F-11D3-BF4B-00C04F79EFBC}") = "School", "School\School.csproj", "{0DC7D27A-B3E0-4FFE-AF54-AD0A27428D1F}"
EndProject
Global
	GlobalSection(SolutionConfigurationPlatforms) = preSolution
		Debug|Any CPU = Debug|Any CPU
		Release|Any CPU = Release|Any CPU
	EndGlobalSection
	GlobalSection(ProjectConfigurationPlatforms) = postSolution
		{0DC7D27A-B3E0-4FFE-AF54-AD0A27428D1F}.Debug|Any CPU.ActiveCfg = Debug|Any CPU
		{0DC7D27A-B3E0-4FFE-AF54-AD0A27428D1F}.Debug|Any CPU.Build.0 = Debug|Any CPU
		{0DC7D27A-B3E0-4FFE-AF54-AD0A27428D1F}.Release|Any CPU.ActiveCfg = Release|Any CPU
		{0DC7D27A-B3E0-4FFE-AF54-AD0A27428D1F}.Release|Any CPU.Build.0 = Release|Any CPU
	EndGlobalSection
	GlobalSection(SolutionProperties) = preSolution
		HideSolutionNode = FALSE
	EndGlobalSection
	GlobalSection(ExtensibilityGlobals) = postSolution
		SolutionGuid = {FFC1BFF5-8C5F-4A1C-A916-209264F6A983}
	EndGlobalSection
EndGlobal
